
Microsoft Visual Studio Solution File, Format Version 12.00
# Visual Studio Version 16
VisualStudioVersion = 16.0.32106.194
MinimumVisualStudioVersion = 10.0.40219.1
Project("{FAE04EC0-301F-11D3-BF4B-00C04F79EFBC}") = "Inventario_1", "Inventario_1\Inventario_1.csproj", "{C82ECF8F-0373-453F-99BE-8984B8F2AD6A}"
EndProject
Global
	GlobalSection(SolutionConfigurationPlatforms) = preSolution
		Debug|Any CPU = Debug|Any CPU
		Release|Any CPU = Release|Any CPU
	EndGlobalSection
	GlobalSection(ProjectConfigurationPlatforms) = postSolution
		{C82ECF8F-0373-453F-99BE-8984B8F2AD6A}.Debug|Any CPU.ActiveCfg = Debug|Any CPU
		{C82ECF8F-0373-453F-99BE-8984B8F2AD6A}.Debug|Any CPU.Build.0 = Debug|Any CPU
		{C82ECF8F-0373-453F-99BE-8984B8F2AD6A}.Release|Any CPU.ActiveCfg = Release|Any CPU
		{C82ECF8F-0373-453F-99BE-8984B8F2AD6A}.Release|Any CPU.Build.0 = Release|Any CPU
	EndGlobalSection
	GlobalSection(SolutionProperties) = preSolution
		HideSolutionNode = FALSE
	EndGlobalSection
	GlobalSection(ExtensibilityGlobals) = postSolution
		SolutionGuid = {15D4BB30-80CF-4207-AC57-BB2085A75FCB}
	EndGlobalSection
EndGlobal
